// !$*UTF8*$!
{
	archiveVersion = 1;
	classes = {
	};
	objectVersion = 51;
	objects = {

/* Begin PBXBuildFile section */
		02A2B21F24C3692800A01B6B /* CreateTestController.swift in Sources */ = {isa = PBXBuildFile; fileRef = 02A2B21E24C3692800A01B6B /* CreateTestController.swift */; };
		02A2B22124C3695000A01B6B /* AddQuestionView.swift in Sources */ = {isa = PBXBuildFile; fileRef = 02A2B22024C3695000A01B6B /* AddQuestionView.swift */; };
		02A2B22324C3696E00A01B6B /* AddOptionsView.swift in Sources */ = {isa = PBXBuildFile; fileRef = 02A2B22224C3696E00A01B6B /* AddOptionsView.swift */; };
		02A2E4E424BF709400ABAE21 /* BackgroundBlureView.swift in Sources */ = {isa = PBXBuildFile; fileRef = 02A2E4E324BF709400ABAE21 /* BackgroundBlureView.swift */; };
		02A2E4E624BF70D900ABAE21 /* AddTestController.swift in Sources */ = {isa = PBXBuildFile; fileRef = 02A2E4E524BF70D900ABAE21 /* AddTestController.swift */; };
		02A2E4E824BF710700ABAE21 /* AddNewTestView.swift in Sources */ = {isa = PBXBuildFile; fileRef = 02A2E4E724BF710700ABAE21 /* AddNewTestView.swift */; };
		02CD118D24C75A9A0076F188 /* AddTestController + iPhoneExtension.swift in Sources */ = {isa = PBXBuildFile; fileRef = 02CD118C24C75A9A0076F188 /* AddTestController + iPhoneExtension.swift */; };
		02CD118F24C75B3C0076F188 /* CreateTestController + iPhoneExtension.swift in Sources */ = {isa = PBXBuildFile; fileRef = 02CD118E24C75B3C0076F188 /* CreateTestController + iPhoneExtension.swift */; };
		0424B9C624BC88170004EB71 /* .gitignore in Resources */ = {isa = PBXBuildFile; fileRef = 0424B9C524BC88170004EB71 /* .gitignore */; };
		0424B9C824BCA8DF0004EB71 /* TestObject.swift in Sources */ = {isa = PBXBuildFile; fileRef = 0424B9C724BCA8DF0004EB71 /* TestObject.swift */; };
		0424B9CA24BCB3A60004EB71 /* TestsAPI.swift in Sources */ = {isa = PBXBuildFile; fileRef = 0424B9C924BCB3A60004EB71 /* TestsAPI.swift */; };
		047B3FA524BC801A009D53B1 /* AppDelegate.swift in Sources */ = {isa = PBXBuildFile; fileRef = 047B3FA424BC801A009D53B1 /* AppDelegate.swift */; };
		047B3FA724BC801A009D53B1 /* SceneDelegate.swift in Sources */ = {isa = PBXBuildFile; fileRef = 047B3FA624BC801A009D53B1 /* SceneDelegate.swift */; };
		047B3FA924BC801A009D53B1 /* ViewController.swift in Sources */ = {isa = PBXBuildFile; fileRef = 047B3FA824BC801A009D53B1 /* ViewController.swift */; };
		047B3FAC24BC801A009D53B1 /* Main.storyboard in Resources */ = {isa = PBXBuildFile; fileRef = 047B3FAA24BC801A009D53B1 /* Main.storyboard */; };
		047B3FAF24BC801A009D53B1 /* TestMaker.xcdatamodeld in Sources */ = {isa = PBXBuildFile; fileRef = 047B3FAD24BC801A009D53B1 /* TestMaker.xcdatamodeld */; };
		047B3FB124BC801D009D53B1 /* Assets.xcassets in Resources */ = {isa = PBXBuildFile; fileRef = 047B3FB024BC801D009D53B1 /* Assets.xcassets */; };
		047B3FB424BC801D009D53B1 /* LaunchScreen.storyboard in Resources */ = {isa = PBXBuildFile; fileRef = 047B3FB224BC801D009D53B1 /* LaunchScreen.storyboard */; };
		047B3FBF24BC801D009D53B1 /* TestMakerTests.swift in Sources */ = {isa = PBXBuildFile; fileRef = 047B3FBE24BC801D009D53B1 /* TestMakerTests.swift */; };
		047B3FCA24BC801E009D53B1 /* TestMakerUITests.swift in Sources */ = {isa = PBXBuildFile; fileRef = 047B3FC924BC801E009D53B1 /* TestMakerUITests.swift */; };
		55E5A8C050579B01F15AAB73 /* Pods_TestMakerTests.framework in Frameworks */ = {isa = PBXBuildFile; fileRef = 64A33A96538DEDB881A42FC5 /* Pods_TestMakerTests.framework */; };
		89C18F0F63765FC1985B3967 /* Pods_TestMaker.framework in Frameworks */ = {isa = PBXBuildFile; fileRef = 316AFF591AC28779A156DD6D /* Pods_TestMaker.framework */; };
		F34169BCC08917A030A8AB7B /* Pods_TestMaker_TestMakerUITests.framework in Frameworks */ = {isa = PBXBuildFile; fileRef = A9A2D5D6DFDAEF8B9FBF3BD9 /* Pods_TestMaker_TestMakerUITests.framework */; };
/* End PBXBuildFile section */

/* Begin PBXContainerItemProxy section */
		047B3FBB24BC801D009D53B1 /* PBXContainerItemProxy */ = {
			isa = PBXContainerItemProxy;
			containerPortal = 047B3F9924BC801A009D53B1 /* Project object */;
			proxyType = 1;
			remoteGlobalIDString = 047B3FA024BC801A009D53B1;
			remoteInfo = TestMaker;
		};
		047B3FC624BC801E009D53B1 /* PBXContainerItemProxy */ = {
			isa = PBXContainerItemProxy;
			containerPortal = 047B3F9924BC801A009D53B1 /* Project object */;
			proxyType = 1;
			remoteGlobalIDString = 047B3FA024BC801A009D53B1;
			remoteInfo = TestMaker;
		};
/* End PBXContainerItemProxy section */

/* Begin PBXFileReference section */
		02A2B21E24C3692800A01B6B /* CreateTestController.swift */ = {isa = PBXFileReference; lastKnownFileType = sourcecode.swift; path = CreateTestController.swift; sourceTree = "<group>"; };
		02A2B22024C3695000A01B6B /* AddQuestionView.swift */ = {isa = PBXFileReference; lastKnownFileType = sourcecode.swift; path = AddQuestionView.swift; sourceTree = "<group>"; };
		02A2B22224C3696E00A01B6B /* AddOptionsView.swift */ = {isa = PBXFileReference; lastKnownFileType = sourcecode.swift; path = AddOptionsView.swift; sourceTree = "<group>"; };
		02A2E4E324BF709400ABAE21 /* BackgroundBlureView.swift */ = {isa = PBXFileReference; lastKnownFileType = sourcecode.swift; path = BackgroundBlureView.swift; sourceTree = "<group>"; };
		02A2E4E524BF70D900ABAE21 /* AddTestController.swift */ = {isa = PBXFileReference; lastKnownFileType = sourcecode.swift; path = AddTestController.swift; sourceTree = "<group>"; };
		02A2E4E724BF710700ABAE21 /* AddNewTestView.swift */ = {isa = PBXFileReference; lastKnownFileType = sourcecode.swift; path = AddNewTestView.swift; sourceTree = "<group>"; };
		02CD118C24C75A9A0076F188 /* AddTestController + iPhoneExtension.swift */ = {isa = PBXFileReference; lastKnownFileType = sourcecode.swift; path = "AddTestController + iPhoneExtension.swift"; sourceTree = "<group>"; };
		02CD118E24C75B3C0076F188 /* CreateTestController + iPhoneExtension.swift */ = {isa = PBXFileReference; lastKnownFileType = sourcecode.swift; path = "CreateTestController + iPhoneExtension.swift"; sourceTree = "<group>"; };
		0397108D9252E3CFDF99E1D5 /* Pods-TestMaker.debug.xcconfig */ = {isa = PBXFileReference; includeInIndex = 1; lastKnownFileType = text.xcconfig; name = "Pods-TestMaker.debug.xcconfig"; path = "Target Support Files/Pods-TestMaker/Pods-TestMaker.debug.xcconfig"; sourceTree = "<group>"; };
		0424B9C524BC88170004EB71 /* .gitignore */ = {isa = PBXFileReference; lastKnownFileType = text; path = .gitignore; sourceTree = "<group>"; };
		0424B9C724BCA8DF0004EB71 /* TestObject.swift */ = {isa = PBXFileReference; lastKnownFileType = sourcecode.swift; path = TestObject.swift; sourceTree = "<group>"; };
		0424B9C924BCB3A60004EB71 /* TestsAPI.swift */ = {isa = PBXFileReference; lastKnownFileType = sourcecode.swift; path = TestsAPI.swift; sourceTree = "<group>"; };
		047B3FA124BC801A009D53B1 /* TestMaker.app */ = {isa = PBXFileReference; explicitFileType = wrapper.application; includeInIndex = 0; path = TestMaker.app; sourceTree = BUILT_PRODUCTS_DIR; };
		047B3FA424BC801A009D53B1 /* AppDelegate.swift */ = {isa = PBXFileReference; lastKnownFileType = sourcecode.swift; path = AppDelegate.swift; sourceTree = "<group>"; };
		047B3FA624BC801A009D53B1 /* SceneDelegate.swift */ = {isa = PBXFileReference; lastKnownFileType = sourcecode.swift; path = SceneDelegate.swift; sourceTree = "<group>"; };
		047B3FA824BC801A009D53B1 /* ViewController.swift */ = {isa = PBXFileReference; lastKnownFileType = sourcecode.swift; path = ViewController.swift; sourceTree = "<group>"; };
		047B3FAB24BC801A009D53B1 /* Base */ = {isa = PBXFileReference; lastKnownFileType = file.storyboard; name = Base; path = Base.lproj/Main.storyboard; sourceTree = "<group>"; };
		047B3FAE24BC801A009D53B1 /* TestMaker.xcdatamodel */ = {isa = PBXFileReference; lastKnownFileType = wrapper.xcdatamodel; path = TestMaker.xcdatamodel; sourceTree = "<group>"; };
		047B3FB024BC801D009D53B1 /* Assets.xcassets */ = {isa = PBXFileReference; lastKnownFileType = folder.assetcatalog; path = Assets.xcassets; sourceTree = "<group>"; };
		047B3FB324BC801D009D53B1 /* Base */ = {isa = PBXFileReference; lastKnownFileType = file.storyboard; name = Base; path = Base.lproj/LaunchScreen.storyboard; sourceTree = "<group>"; };
		047B3FB524BC801D009D53B1 /* Info.plist */ = {isa = PBXFileReference; lastKnownFileType = text.plist.xml; path = Info.plist; sourceTree = "<group>"; };
		047B3FBA24BC801D009D53B1 /* TestMakerTests.xctest */ = {isa = PBXFileReference; explicitFileType = wrapper.cfbundle; includeInIndex = 0; path = TestMakerTests.xctest; sourceTree = BUILT_PRODUCTS_DIR; };
		047B3FBE24BC801D009D53B1 /* TestMakerTests.swift */ = {isa = PBXFileReference; lastKnownFileType = sourcecode.swift; path = TestMakerTests.swift; sourceTree = "<group>"; };
		047B3FC024BC801D009D53B1 /* Info.plist */ = {isa = PBXFileReference; lastKnownFileType = text.plist.xml; path = Info.plist; sourceTree = "<group>"; };
		047B3FC524BC801E009D53B1 /* TestMakerUITests.xctest */ = {isa = PBXFileReference; explicitFileType = wrapper.cfbundle; includeInIndex = 0; path = TestMakerUITests.xctest; sourceTree = BUILT_PRODUCTS_DIR; };
		047B3FC924BC801E009D53B1 /* TestMakerUITests.swift */ = {isa = PBXFileReference; lastKnownFileType = sourcecode.swift; path = TestMakerUITests.swift; sourceTree = "<group>"; };
		047B3FCB24BC801E009D53B1 /* Info.plist */ = {isa = PBXFileReference; lastKnownFileType = text.plist.xml; path = Info.plist; sourceTree = "<group>"; };
		22BB7C60C64E077BDD7772EC /* Pods-TestMaker-TestMakerUITests.debug.xcconfig */ = {isa = PBXFileReference; includeInIndex = 1; lastKnownFileType = text.xcconfig; name = "Pods-TestMaker-TestMakerUITests.debug.xcconfig"; path = "Target Support Files/Pods-TestMaker-TestMakerUITests/Pods-TestMaker-TestMakerUITests.debug.xcconfig"; sourceTree = "<group>"; };
		2AF054641BA6CA0EBAD24AB5 /* Pods-TestMaker.release.xcconfig */ = {isa = PBXFileReference; includeInIndex = 1; lastKnownFileType = text.xcconfig; name = "Pods-TestMaker.release.xcconfig"; path = "Target Support Files/Pods-TestMaker/Pods-TestMaker.release.xcconfig"; sourceTree = "<group>"; };
		316AFF591AC28779A156DD6D /* Pods_TestMaker.framework */ = {isa = PBXFileReference; explicitFileType = wrapper.framework; includeInIndex = 0; path = Pods_TestMaker.framework; sourceTree = BUILT_PRODUCTS_DIR; };
		64A33A96538DEDB881A42FC5 /* Pods_TestMakerTests.framework */ = {isa = PBXFileReference; explicitFileType = wrapper.framework; includeInIndex = 0; path = Pods_TestMakerTests.framework; sourceTree = BUILT_PRODUCTS_DIR; };
		A9A2D5D6DFDAEF8B9FBF3BD9 /* Pods_TestMaker_TestMakerUITests.framework */ = {isa = PBXFileReference; explicitFileType = wrapper.framework; includeInIndex = 0; path = Pods_TestMaker_TestMakerUITests.framework; sourceTree = BUILT_PRODUCTS_DIR; };
		D9274D037EA0F45773D684AF /* Pods-TestMakerTests.debug.xcconfig */ = {isa = PBXFileReference; includeInIndex = 1; lastKnownFileType = text.xcconfig; name = "Pods-TestMakerTests.debug.xcconfig"; path = "Target Support Files/Pods-TestMakerTests/Pods-TestMakerTests.debug.xcconfig"; sourceTree = "<group>"; };
		E9E20A2A655A87E985C3AF29 /* Pods-TestMakerTests.release.xcconfig */ = {isa = PBXFileReference; includeInIndex = 1; lastKnownFileType = text.xcconfig; name = "Pods-TestMakerTests.release.xcconfig"; path = "Target Support Files/Pods-TestMakerTests/Pods-TestMakerTests.release.xcconfig"; sourceTree = "<group>"; };
		ECD840914CF4A4EE2FE74EF9 /* Pods-TestMaker-TestMakerUITests.release.xcconfig */ = {isa = PBXFileReference; includeInIndex = 1; lastKnownFileType = text.xcconfig; name = "Pods-TestMaker-TestMakerUITests.release.xcconfig"; path = "Target Support Files/Pods-TestMaker-TestMakerUITests/Pods-TestMaker-TestMakerUITests.release.xcconfig"; sourceTree = "<group>"; };
/* End PBXFileReference section */

/* Begin PBXFrameworksBuildPhase section */
		047B3F9E24BC801A009D53B1 /* Frameworks */ = {
			isa = PBXFrameworksBuildPhase;
			buildActionMask = 2147483647;
			files = (
				89C18F0F63765FC1985B3967 /* Pods_TestMaker.framework in Frameworks */,
			);
			runOnlyForDeploymentPostprocessing = 0;
		};
		047B3FB724BC801D009D53B1 /* Frameworks */ = {
			isa = PBXFrameworksBuildPhase;
			buildActionMask = 2147483647;
			files = (
				55E5A8C050579B01F15AAB73 /* Pods_TestMakerTests.framework in Frameworks */,
			);
			runOnlyForDeploymentPostprocessing = 0;
		};
		047B3FC224BC801E009D53B1 /* Frameworks */ = {
			isa = PBXFrameworksBuildPhase;
			buildActionMask = 2147483647;
			files = (
				F34169BCC08917A030A8AB7B /* Pods_TestMaker_TestMakerUITests.framework in Frameworks */,
			);
			runOnlyForDeploymentPostprocessing = 0;
		};
/* End PBXFrameworksBuildPhase section */

/* Begin PBXGroup section */
		020ACFDF24BDF53B00DEB73E /* AddScreen */ = {
			isa = PBXGroup;
			children = (
				02A2E4E324BF709400ABAE21 /* BackgroundBlureView.swift */,
				02CD118A24C758AF0076F188 /* AddTest */,
				02CD118B24C758C50076F188 /* CreateTest */,
			);
			path = AddScreen;
			sourceTree = "<group>";
		};
		02CD118A24C758AF0076F188 /* AddTest */ = {
			isa = PBXGroup;
			children = (
				02A2E4E524BF70D900ABAE21 /* AddTestController.swift */,
				02A2E4E724BF710700ABAE21 /* AddNewTestView.swift */,
				02CD118C24C75A9A0076F188 /* AddTestController + iPhoneExtension.swift */,
			);
			path = AddTest;
			sourceTree = "<group>";
		};
		02CD118B24C758C50076F188 /* CreateTest */ = {
			isa = PBXGroup;
			children = (
				02A2B21E24C3692800A01B6B /* CreateTestController.swift */,
				02A2B22024C3695000A01B6B /* AddQuestionView.swift */,
				02A2B22224C3696E00A01B6B /* AddOptionsView.swift */,
				02CD118E24C75B3C0076F188 /* CreateTestController + iPhoneExtension.swift */,
			);
			path = CreateTest;
			sourceTree = "<group>";
		};
		047B3F9824BC801A009D53B1 = {
			isa = PBXGroup;
			children = (
				0424B9C524BC88170004EB71 /* .gitignore */,
				047B3FA324BC801A009D53B1 /* TestMaker */,
				047B3FBD24BC801D009D53B1 /* TestMakerTests */,
				047B3FC824BC801E009D53B1 /* TestMakerUITests */,
				047B3FA224BC801A009D53B1 /* Products */,
				DFD28333210ED211C7FDD654 /* Pods */,
				6AB6EFA06BCC4536D43F554C /* Frameworks */,
			);
			sourceTree = "<group>";
		};
		047B3FA224BC801A009D53B1 /* Products */ = {
			isa = PBXGroup;
			children = (
				047B3FA124BC801A009D53B1 /* TestMaker.app */,
				047B3FBA24BC801D009D53B1 /* TestMakerTests.xctest */,
				047B3FC524BC801E009D53B1 /* TestMakerUITests.xctest */,
			);
			name = Products;
			sourceTree = "<group>";
		};
		047B3FA324BC801A009D53B1 /* TestMaker */ = {
			isa = PBXGroup;
			children = (
				020ACFDF24BDF53B00DEB73E /* AddScreen */,
				047B3FA424BC801A009D53B1 /* AppDelegate.swift */,
				047B3FA624BC801A009D53B1 /* SceneDelegate.swift */,
				047B3FA824BC801A009D53B1 /* ViewController.swift */,
				0424B9C724BCA8DF0004EB71 /* TestObject.swift */,
				0424B9C924BCB3A60004EB71 /* TestsAPI.swift */,
				047B3FAA24BC801A009D53B1 /* Main.storyboard */,
				047B3FB024BC801D009D53B1 /* Assets.xcassets */,
				047B3FB224BC801D009D53B1 /* LaunchScreen.storyboard */,
				047B3FB524BC801D009D53B1 /* Info.plist */,
				047B3FAD24BC801A009D53B1 /* TestMaker.xcdatamodeld */,
			);
			path = TestMaker;
			sourceTree = "<group>";
		};
		047B3FBD24BC801D009D53B1 /* TestMakerTests */ = {
			isa = PBXGroup;
			children = (
				047B3FBE24BC801D009D53B1 /* TestMakerTests.swift */,
				047B3FC024BC801D009D53B1 /* Info.plist */,
			);
			path = TestMakerTests;
			sourceTree = "<group>";
		};
		047B3FC824BC801E009D53B1 /* TestMakerUITests */ = {
			isa = PBXGroup;
			children = (
				047B3FC924BC801E009D53B1 /* TestMakerUITests.swift */,
				047B3FCB24BC801E009D53B1 /* Info.plist */,
			);
			path = TestMakerUITests;
			sourceTree = "<group>";
		};
		6AB6EFA06BCC4536D43F554C /* Frameworks */ = {
			isa = PBXGroup;
			children = (
				316AFF591AC28779A156DD6D /* Pods_TestMaker.framework */,
				A9A2D5D6DFDAEF8B9FBF3BD9 /* Pods_TestMaker_TestMakerUITests.framework */,
				64A33A96538DEDB881A42FC5 /* Pods_TestMakerTests.framework */,
			);
			name = Frameworks;
			sourceTree = "<group>";
		};
		DFD28333210ED211C7FDD654 /* Pods */ = {
			isa = PBXGroup;
			children = (
				0397108D9252E3CFDF99E1D5 /* Pods-TestMaker.debug.xcconfig */,
				2AF054641BA6CA0EBAD24AB5 /* Pods-TestMaker.release.xcconfig */,
				22BB7C60C64E077BDD7772EC /* Pods-TestMaker-TestMakerUITests.debug.xcconfig */,
				ECD840914CF4A4EE2FE74EF9 /* Pods-TestMaker-TestMakerUITests.release.xcconfig */,
				D9274D037EA0F45773D684AF /* Pods-TestMakerTests.debug.xcconfig */,
				E9E20A2A655A87E985C3AF29 /* Pods-TestMakerTests.release.xcconfig */,
			);
			path = Pods;
			sourceTree = "<group>";
		};
/* End PBXGroup section */

/* Begin PBXNativeTarget section */
		047B3FA024BC801A009D53B1 /* TestMaker */ = {
			isa = PBXNativeTarget;
			buildConfigurationList = 047B3FCE24BC801E009D53B1 /* Build configuration list for PBXNativeTarget "TestMaker" */;
			buildPhases = (
				EA154CF58B58E962BD822D2C /* [CP] Check Pods Manifest.lock */,
				047B3F9D24BC801A009D53B1 /* Sources */,
				047B3F9E24BC801A009D53B1 /* Frameworks */,
				047B3F9F24BC801A009D53B1 /* Resources */,
				00B6E971AE20D899DEE70E27 /* [CP] Embed Pods Frameworks */,
			);
			buildRules = (
			);
			dependencies = (
			);
			name = TestMaker;
			productName = TestMaker;
			productReference = 047B3FA124BC801A009D53B1 /* TestMaker.app */;
			productType = "com.apple.product-type.application";
		};
		047B3FB924BC801D009D53B1 /* TestMakerTests */ = {
			isa = PBXNativeTarget;
			buildConfigurationList = 047B3FD124BC801E009D53B1 /* Build configuration list for PBXNativeTarget "TestMakerTests" */;
			buildPhases = (
				99CEAF5AF94D75E79D072DE0 /* [CP] Check Pods Manifest.lock */,
				047B3FB624BC801D009D53B1 /* Sources */,
				047B3FB724BC801D009D53B1 /* Frameworks */,
				047B3FB824BC801D009D53B1 /* Resources */,
			);
			buildRules = (
			);
			dependencies = (
				047B3FBC24BC801D009D53B1 /* PBXTargetDependency */,
			);
			name = TestMakerTests;
			productName = TestMakerTests;
			productReference = 047B3FBA24BC801D009D53B1 /* TestMakerTests.xctest */;
			productType = "com.apple.product-type.bundle.unit-test";
		};
		047B3FC424BC801E009D53B1 /* TestMakerUITests */ = {
			isa = PBXNativeTarget;
			buildConfigurationList = 047B3FD424BC801E009D53B1 /* Build configuration list for PBXNativeTarget "TestMakerUITests" */;
			buildPhases = (
				56C807DA0638D00848D1CB2A /* [CP] Check Pods Manifest.lock */,
				047B3FC124BC801E009D53B1 /* Sources */,
				047B3FC224BC801E009D53B1 /* Frameworks */,
				047B3FC324BC801E009D53B1 /* Resources */,
				496BEAF3C1060690319AEBC0 /* [CP] Embed Pods Frameworks */,
			);
			buildRules = (
			);
			dependencies = (
				047B3FC724BC801E009D53B1 /* PBXTargetDependency */,
			);
			name = TestMakerUITests;
			productName = TestMakerUITests;
			productReference = 047B3FC524BC801E009D53B1 /* TestMakerUITests.xctest */;
			productType = "com.apple.product-type.bundle.ui-testing";
		};
/* End PBXNativeTarget section */

/* Begin PBXProject section */
		047B3F9924BC801A009D53B1 /* Project object */ = {
			isa = PBXProject;
			attributes = {
				LastSwiftUpdateCheck = 1150;
				LastUpgradeCheck = 1150;
				ORGANIZATIONNAME = Apples;
				TargetAttributes = {
					047B3FA024BC801A009D53B1 = {
						CreatedOnToolsVersion = 11.5;
					};
					047B3FB924BC801D009D53B1 = {
						CreatedOnToolsVersion = 11.5;
						TestTargetID = 047B3FA024BC801A009D53B1;
					};
					047B3FC424BC801E009D53B1 = {
						CreatedOnToolsVersion = 11.5;
						TestTargetID = 047B3FA024BC801A009D53B1;
					};
				};
			};
			buildConfigurationList = 047B3F9C24BC801A009D53B1 /* Build configuration list for PBXProject "TestMaker" */;
			compatibilityVersion = "Xcode 9.3";
			developmentRegion = en;
			hasScannedForEncodings = 0;
			knownRegions = (
				en,
				Base,
			);
			mainGroup = 047B3F9824BC801A009D53B1;
			productRefGroup = 047B3FA224BC801A009D53B1 /* Products */;
			projectDirPath = "";
			projectRoot = "";
			targets = (
				047B3FA024BC801A009D53B1 /* TestMaker */,
				047B3FB924BC801D009D53B1 /* TestMakerTests */,
				047B3FC424BC801E009D53B1 /* TestMakerUITests */,
			);
		};
/* End PBXProject section */

/* Begin PBXResourcesBuildPhase section */
		047B3F9F24BC801A009D53B1 /* Resources */ = {
			isa = PBXResourcesBuildPhase;
			buildActionMask = 2147483647;
			files = (
				0424B9C624BC88170004EB71 /* .gitignore in Resources */,
				047B3FB424BC801D009D53B1 /* LaunchScreen.storyboard in Resources */,
				047B3FB124BC801D009D53B1 /* Assets.xcassets in Resources */,
				047B3FAC24BC801A009D53B1 /* Main.storyboard in Resources */,
			);
			runOnlyForDeploymentPostprocessing = 0;
		};
		047B3FB824BC801D009D53B1 /* Resources */ = {
			isa = PBXResourcesBuildPhase;
			buildActionMask = 2147483647;
			files = (
			);
			runOnlyForDeploymentPostprocessing = 0;
		};
		047B3FC324BC801E009D53B1 /* Resources */ = {
			isa = PBXResourcesBuildPhase;
			buildActionMask = 2147483647;
			files = (
			);
			runOnlyForDeploymentPostprocessing = 0;
		};
/* End PBXResourcesBuildPhase section */

/* Begin PBXShellScriptBuildPhase section */
		00B6E971AE20D899DEE70E27 /* [CP] Embed Pods Frameworks */ = {
			isa = PBXShellScriptBuildPhase;
			buildActionMask = 2147483647;
			files = (
			);
			inputFileListPaths = (
				"${PODS_ROOT}/Target Support Files/Pods-TestMaker/Pods-TestMaker-frameworks-${CONFIGURATION}-input-files.xcfilelist",
			);
			name = "[CP] Embed Pods Frameworks";
			outputFileListPaths = (
				"${PODS_ROOT}/Target Support Files/Pods-TestMaker/Pods-TestMaker-frameworks-${CONFIGURATION}-output-files.xcfilelist",
			);
			runOnlyForDeploymentPostprocessing = 0;
			shellPath = /bin/sh;
			shellScript = "\"${PODS_ROOT}/Target Support Files/Pods-TestMaker/Pods-TestMaker-frameworks.sh\"\n";
			showEnvVarsInLog = 0;
		};
		496BEAF3C1060690319AEBC0 /* [CP] Embed Pods Frameworks */ = {
			isa = PBXShellScriptBuildPhase;
			buildActionMask = 2147483647;
			files = (
			);
			inputFileListPaths = (
				"${PODS_ROOT}/Target Support Files/Pods-TestMaker-TestMakerUITests/Pods-TestMaker-TestMakerUITests-frameworks-${CONFIGURATION}-input-files.xcfilelist",
			);
			name = "[CP] Embed Pods Frameworks";
			outputFileListPaths = (
				"${PODS_ROOT}/Target Support Files/Pods-TestMaker-TestMakerUITests/Pods-TestMaker-TestMakerUITests-frameworks-${CONFIGURATION}-output-files.xcfilelist",
			);
			runOnlyForDeploymentPostprocessing = 0;
			shellPath = /bin/sh;
			shellScript = "\"${PODS_ROOT}/Target Support Files/Pods-TestMaker-TestMakerUITests/Pods-TestMaker-TestMakerUITests-frameworks.sh\"\n";
			showEnvVarsInLog = 0;
		};
		56C807DA0638D00848D1CB2A /* [CP] Check Pods Manifest.lock */ = {
			isa = PBXShellScriptBuildPhase;
			buildActionMask = 2147483647;
			files = (
			);
			inputFileListPaths = (
			);
			inputPaths = (
				"${PODS_PODFILE_DIR_PATH}/Podfile.lock",
				"${PODS_ROOT}/Manifest.lock",
			);
			name = "[CP] Check Pods Manifest.lock";
			outputFileListPaths = (
			);
			outputPaths = (
				"$(DERIVED_FILE_DIR)/Pods-TestMaker-TestMakerUITests-checkManifestLockResult.txt",
			);
			runOnlyForDeploymentPostprocessing = 0;
			shellPath = /bin/sh;
			shellScript = "diff \"${PODS_PODFILE_DIR_PATH}/Podfile.lock\" \"${PODS_ROOT}/Manifest.lock\" > /dev/null\nif [ $? != 0 ] ; then\n    # print error to STDERR\n    echo \"error: The sandbox is not in sync with the Podfile.lock. Run 'pod install' or update your CocoaPods installation.\" >&2\n    exit 1\nfi\n# This output is used by Xcode 'outputs' to avoid re-running this script phase.\necho \"SUCCESS\" > \"${SCRIPT_OUTPUT_FILE_0}\"\n";
			showEnvVarsInLog = 0;
		};
		99CEAF5AF94D75E79D072DE0 /* [CP] Check Pods Manifest.lock */ = {
			isa = PBXShellScriptBuildPhase;
			buildActionMask = 2147483647;
			files = (
			);
			inputFileListPaths = (
			);
			inputPaths = (
				"${PODS_PODFILE_DIR_PATH}/Podfile.lock",
				"${PODS_ROOT}/Manifest.lock",
			);
			name = "[CP] Check Pods Manifest.lock";
			outputFileListPaths = (
			);
			outputPaths = (
				"$(DERIVED_FILE_DIR)/Pods-TestMakerTests-checkManifestLockResult.txt",
			);
			runOnlyForDeploymentPostprocessing = 0;
			shellPath = /bin/sh;
			shellScript = "diff \"${PODS_PODFILE_DIR_PATH}/Podfile.lock\" \"${PODS_ROOT}/Manifest.lock\" > /dev/null\nif [ $? != 0 ] ; then\n    # print error to STDERR\n    echo \"error: The sandbox is not in sync with the Podfile.lock. Run 'pod install' or update your CocoaPods installation.\" >&2\n    exit 1\nfi\n# This output is used by Xcode 'outputs' to avoid re-running this script phase.\necho \"SUCCESS\" > \"${SCRIPT_OUTPUT_FILE_0}\"\n";
			showEnvVarsInLog = 0;
		};
		EA154CF58B58E962BD822D2C /* [CP] Check Pods Manifest.lock */ = {
			isa = PBXShellScriptBuildPhase;
			buildActionMask = 2147483647;
			files = (
			);
			inputFileListPaths = (
			);
			inputPaths = (
				"${PODS_PODFILE_DIR_PATH}/Podfile.lock",
				"${PODS_ROOT}/Manifest.lock",
			);
			name = "[CP] Check Pods Manifest.lock";
			outputFileListPaths = (
			);
			outputPaths = (
				"$(DERIVED_FILE_DIR)/Pods-TestMaker-checkManifestLockResult.txt",
			);
			runOnlyForDeploymentPostprocessing = 0;
			shellPath = /bin/sh;
			shellScript = "diff \"${PODS_PODFILE_DIR_PATH}/Podfile.lock\" \"${PODS_ROOT}/Manifest.lock\" > /dev/null\nif [ $? != 0 ] ; then\n    # print error to STDERR\n    echo \"error: The sandbox is not in sync with the Podfile.lock. Run 'pod install' or update your CocoaPods installation.\" >&2\n    exit 1\nfi\n# This output is used by Xcode 'outputs' to avoid re-running this script phase.\necho \"SUCCESS\" > \"${SCRIPT_OUTPUT_FILE_0}\"\n";
			showEnvVarsInLog = 0;
		};
/* End PBXShellScriptBuildPhase section */

/* Begin PBXSourcesBuildPhase section */
		047B3F9D24BC801A009D53B1 /* Sources */ = {
			isa = PBXSourcesBuildPhase;
			buildActionMask = 2147483647;
			files = (
				0424B9C824BCA8DF0004EB71 /* TestObject.swift in Sources */,
				02CD118D24C75A9A0076F188 /* AddTestController + iPhoneExtension.swift in Sources */,
				047B3FA924BC801A009D53B1 /* ViewController.swift in Sources */,
				047B3FA524BC801A009D53B1 /* AppDelegate.swift in Sources */,
				02A2E4E424BF709400ABAE21 /* BackgroundBlureView.swift in Sources */,
				047B3FAF24BC801A009D53B1 /* TestMaker.xcdatamodeld in Sources */,
				02CD118F24C75B3C0076F188 /* CreateTestController + iPhoneExtension.swift in Sources */,
				02A2E4E824BF710700ABAE21 /* AddNewTestView.swift in Sources */,
				0424B9CA24BCB3A60004EB71 /* TestsAPI.swift in Sources */,
				02A2B22324C3696E00A01B6B /* AddOptionsView.swift in Sources */,
				02A2B21F24C3692800A01B6B /* CreateTestController.swift in Sources */,
				047B3FA724BC801A009D53B1 /* SceneDelegate.swift in Sources */,
				02A2B22124C3695000A01B6B /* AddQuestionView.swift in Sources */,
				02A2E4E624BF70D900ABAE21 /* AddTestController.swift in Sources */,
			);
			runOnlyForDeploymentPostprocessing = 0;
		};
		047B3FB624BC801D009D53B1 /* Sources */ = {
			isa = PBXSourcesBuildPhase;
			buildActionMask = 2147483647;
			files = (
				047B3FBF24BC801D009D53B1 /* TestMakerTests.swift in Sources */,
			);
			runOnlyForDeploymentPostprocessing = 0;
		};
		047B3FC124BC801E009D53B1 /* Sources */ = {
			isa = PBXSourcesBuildPhase;
			buildActionMask = 2147483647;
			files = (
				047B3FCA24BC801E009D53B1 /* TestMakerUITests.swift in Sources */,
			);
			runOnlyForDeploymentPostprocessing = 0;
		};
/* End PBXSourcesBuildPhase section */

/* Begin PBXTargetDependency section */
		047B3FBC24BC801D009D53B1 /* PBXTargetDependency */ = {
			isa = PBXTargetDependency;
			target = 047B3FA024BC801A009D53B1 /* TestMaker */;
			targetProxy = 047B3FBB24BC801D009D53B1 /* PBXContainerItemProxy */;
		};
		047B3FC724BC801E009D53B1 /* PBXTargetDependency */ = {
			isa = PBXTargetDependency;
			target = 047B3FA024BC801A009D53B1 /* TestMaker */;
			targetProxy = 047B3FC624BC801E009D53B1 /* PBXContainerItemProxy */;
		};
/* End PBXTargetDependency section */

/* Begin PBXVariantGroup section */
		047B3FAA24BC801A009D53B1 /* Main.storyboard */ = {
			isa = PBXVariantGroup;
			children = (
				047B3FAB24BC801A009D53B1 /* Base */,
			);
			name = Main.storyboard;
			sourceTree = "<group>";
		};
		047B3FB224BC801D009D53B1 /* LaunchScreen.storyboard */ = {
			isa = PBXVariantGroup;
			children = (
				047B3FB324BC801D009D53B1 /* Base */,
			);
			name = LaunchScreen.storyboard;
			sourceTree = "<group>";
		};
/* End PBXVariantGroup section */

/* Begin XCBuildConfiguration section */
		047B3FCC24BC801E009D53B1 /* Debug */ = {
			isa = XCBuildConfiguration;
			buildSettings = {
				ALWAYS_SEARCH_USER_PATHS = NO;
				CLANG_ANALYZER_NONNULL = YES;
				CLANG_ANALYZER_NUMBER_OBJECT_CONVERSION = YES_AGGRESSIVE;
				CLANG_CXX_LANGUAGE_STANDARD = "gnu++14";
				CLANG_CXX_LIBRARY = "libc++";
				CLANG_ENABLE_MODULES = YES;
				CLANG_ENABLE_OBJC_ARC = YES;
				CLANG_ENABLE_OBJC_WEAK = YES;
				CLANG_WARN_BLOCK_CAPTURE_AUTORELEASING = YES;
				CLANG_WARN_BOOL_CONVERSION = YES;
				CLANG_WARN_COMMA = YES;
				CLANG_WARN_CONSTANT_CONVERSION = YES;
				CLANG_WARN_DEPRECATED_OBJC_IMPLEMENTATIONS = YES;
				CLANG_WARN_DIRECT_OBJC_ISA_USAGE = YES_ERROR;
				CLANG_WARN_DOCUMENTATION_COMMENTS = YES;
				CLANG_WARN_EMPTY_BODY = YES;
				CLANG_WARN_ENUM_CONVERSION = YES;
				CLANG_WARN_INFINITE_RECURSION = YES;
				CLANG_WARN_INT_CONVERSION = YES;
				CLANG_WARN_NON_LITERAL_NULL_CONVERSION = YES;
				CLANG_WARN_OBJC_IMPLICIT_RETAIN_SELF = YES;
				CLANG_WARN_OBJC_LITERAL_CONVERSION = YES;
				CLANG_WARN_OBJC_ROOT_CLASS = YES_ERROR;
				CLANG_WARN_RANGE_LOOP_ANALYSIS = YES;
				CLANG_WARN_STRICT_PROTOTYPES = YES;
				CLANG_WARN_SUSPICIOUS_MOVE = YES;
				CLANG_WARN_UNGUARDED_AVAILABILITY = YES_AGGRESSIVE;
				CLANG_WARN_UNREACHABLE_CODE = YES;
				CLANG_WARN__DUPLICATE_METHOD_MATCH = YES;
				COPY_PHASE_STRIP = NO;
				DEBUG_INFORMATION_FORMAT = dwarf;
				ENABLE_STRICT_OBJC_MSGSEND = YES;
				ENABLE_TESTABILITY = YES;
				GCC_C_LANGUAGE_STANDARD = gnu11;
				GCC_DYNAMIC_NO_PIC = NO;
				GCC_NO_COMMON_BLOCKS = YES;
				GCC_OPTIMIZATION_LEVEL = 0;
				GCC_PREPROCESSOR_DEFINITIONS = (
					"DEBUG=1",
					"$(inherited)",
				);
				GCC_WARN_64_TO_32_BIT_CONVERSION = YES;
				GCC_WARN_ABOUT_RETURN_TYPE = YES_ERROR;
				GCC_WARN_UNDECLARED_SELECTOR = YES;
				GCC_WARN_UNINITIALIZED_AUTOS = YES_AGGRESSIVE;
				GCC_WARN_UNUSED_FUNCTION = YES;
				GCC_WARN_UNUSED_VARIABLE = YES;
				IPHONEOS_DEPLOYMENT_TARGET = 13.5;
				MTL_ENABLE_DEBUG_INFO = INCLUDE_SOURCE;
				MTL_FAST_MATH = YES;
				ONLY_ACTIVE_ARCH = YES;
				SDKROOT = iphoneos;
				SWIFT_ACTIVE_COMPILATION_CONDITIONS = DEBUG;
				SWIFT_OPTIMIZATION_LEVEL = "-Onone";
			};
			name = Debug;
		};
		047B3FCD24BC801E009D53B1 /* Release */ = {
			isa = XCBuildConfiguration;
			buildSettings = {
				ALWAYS_SEARCH_USER_PATHS = NO;
				CLANG_ANALYZER_NONNULL = YES;
				CLANG_ANALYZER_NUMBER_OBJECT_CONVERSION = YES_AGGRESSIVE;
				CLANG_CXX_LANGUAGE_STANDARD = "gnu++14";
				CLANG_CXX_LIBRARY = "libc++";
				CLANG_ENABLE_MODULES = YES;
				CLANG_ENABLE_OBJC_ARC = YES;
				CLANG_ENABLE_OBJC_WEAK = YES;
				CLANG_WARN_BLOCK_CAPTURE_AUTORELEASING = YES;
				CLANG_WARN_BOOL_CONVERSION = YES;
				CLANG_WARN_COMMA = YES;
				CLANG_WARN_CONSTANT_CONVERSION = YES;
				CLANG_WARN_DEPRECATED_OBJC_IMPLEMENTATIONS = YES;
				CLANG_WARN_DIRECT_OBJC_ISA_USAGE = YES_ERROR;
				CLANG_WARN_DOCUMENTATION_COMMENTS = YES;
				CLANG_WARN_EMPTY_BODY = YES;
				CLANG_WARN_ENUM_CONVERSION = YES;
				CLANG_WARN_INFINITE_RECURSION = YES;
				CLANG_WARN_INT_CONVERSION = YES;
				CLANG_WARN_NON_LITERAL_NULL_CONVERSION = YES;
				CLANG_WARN_OBJC_IMPLICIT_RETAIN_SELF = YES;
				CLANG_WARN_OBJC_LITERAL_CONVERSION = YES;
				CLANG_WARN_OBJC_ROOT_CLASS = YES_ERROR;
				CLANG_WARN_RANGE_LOOP_ANALYSIS = YES;
				CLANG_WARN_STRICT_PROTOTYPES = YES;
				CLANG_WARN_SUSPICIOUS_MOVE = YES;
				CLANG_WARN_UNGUARDED_AVAILABILITY = YES_AGGRESSIVE;
				CLANG_WARN_UNREACHABLE_CODE = YES;
				CLANG_WARN__DUPLICATE_METHOD_MATCH = YES;
				COPY_PHASE_STRIP = NO;
				DEBUG_INFORMATION_FORMAT = "dwarf-with-dsym";
				ENABLE_NS_ASSERTIONS = NO;
				ENABLE_STRICT_OBJC_MSGSEND = YES;
				GCC_C_LANGUAGE_STANDARD = gnu11;
				GCC_NO_COMMON_BLOCKS = YES;
				GCC_WARN_64_TO_32_BIT_CONVERSION = YES;
				GCC_WARN_ABOUT_RETURN_TYPE = YES_ERROR;
				GCC_WARN_UNDECLARED_SELECTOR = YES;
				GCC_WARN_UNINITIALIZED_AUTOS = YES_AGGRESSIVE;
				GCC_WARN_UNUSED_FUNCTION = YES;
				GCC_WARN_UNUSED_VARIABLE = YES;
				IPHONEOS_DEPLOYMENT_TARGET = 13.5;
				MTL_ENABLE_DEBUG_INFO = NO;
				MTL_FAST_MATH = YES;
				SDKROOT = iphoneos;
				SWIFT_COMPILATION_MODE = wholemodule;
				SWIFT_OPTIMIZATION_LEVEL = "-O";
				VALIDATE_PRODUCT = YES;
			};
			name = Release;
		};
		047B3FCF24BC801E009D53B1 /* Debug */ = {
			isa = XCBuildConfiguration;
			baseConfigurationReference = 0397108D9252E3CFDF99E1D5 /* Pods-TestMaker.debug.xcconfig */;
			buildSettings = {
				ASSETCATALOG_COMPILER_APPICON_NAME = AppIcon;
				CODE_SIGN_STYLE = Automatic;
				DEVELOPMENT_TEAM = "";
				INFOPLIST_FILE = TestMaker/Info.plist;
				LD_RUNPATH_SEARCH_PATHS = (
					"$(inherited)",
					"@executable_path/Frameworks",
				);
				PRODUCT_BUNDLE_IDENTIFIER = com.Apples.TestMaker;
				PRODUCT_NAME = "$(TARGET_NAME)";
				SWIFT_VERSION = 5.0;
				TARGETED_DEVICE_FAMILY = "1,2";
			};
			name = Debug;
		};
		047B3FD024BC801E009D53B1 /* Release */ = {
			isa = XCBuildConfiguration;
			baseConfigurationReference = 2AF054641BA6CA0EBAD24AB5 /* Pods-TestMaker.release.xcconfig */;
			buildSettings = {
				ASSETCATALOG_COMPILER_APPICON_NAME = AppIcon;
				CODE_SIGN_STYLE = Automatic;
				DEVELOPMENT_TEAM = "";
				INFOPLIST_FILE = TestMaker/Info.plist;
				LD_RUNPATH_SEARCH_PATHS = (
					"$(inherited)",
					"@executable_path/Frameworks",
				);
				PRODUCT_BUNDLE_IDENTIFIER = com.Apples.TestMaker;
				PRODUCT_NAME = "$(TARGET_NAME)";
				SWIFT_VERSION = 5.0;
				TARGETED_DEVICE_FAMILY = "1,2";
			};
			name = Release;
		};
		047B3FD224BC801E009D53B1 /* Debug */ = {
			isa = XCBuildConfiguration;
			baseConfigurationReference = D9274D037EA0F45773D684AF /* Pods-TestMakerTests.debug.xcconfig */;
			buildSettings = {
				ALWAYS_EMBED_SWIFT_STANDARD_LIBRARIES = YES;
				BUNDLE_LOADER = "$(TEST_HOST)";
				CODE_SIGN_STYLE = Automatic;
				INFOPLIST_FILE = TestMakerTests/Info.plist;
				IPHONEOS_DEPLOYMENT_TARGET = 13.5;
				LD_RUNPATH_SEARCH_PATHS = (
					"$(inherited)",
					"@executable_path/Frameworks",
					"@loader_path/Frameworks",
				);
				PRODUCT_BUNDLE_IDENTIFIER = com.Apples.TestMakerTests;
				PRODUCT_NAME = "$(TARGET_NAME)";
				SWIFT_VERSION = 5.0;
				TARGETED_DEVICE_FAMILY = "1,2";
				TEST_HOST = "$(BUILT_PRODUCTS_DIR)/TestMaker.app/TestMaker";
			};
			name = Debug;
		};
		047B3FD324BC801E009D53B1 /* Release */ = {
			isa = XCBuildConfiguration;
			baseConfigurationReference = E9E20A2A655A87E985C3AF29 /* Pods-TestMakerTests.release.xcconfig */;
			buildSettings = {
				ALWAYS_EMBED_SWIFT_STANDARD_LIBRARIES = YES;
				BUNDLE_LOADER = "$(TEST_HOST)";
				CODE_SIGN_STYLE = Automatic;
				INFOPLIST_FILE = TestMakerTests/Info.plist;
				IPHONEOS_DEPLOYMENT_TARGET = 13.5;
				LD_RUNPATH_SEARCH_PATHS = (
					"$(inherited)",
					"@executable_path/Frameworks",
					"@loader_path/Frameworks",
				);
				PRODUCT_BUNDLE_IDENTIFIER = com.Apples.TestMakerTests;
				PRODUCT_NAME = "$(TARGET_NAME)";
				SWIFT_VERSION = 5.0;
				TARGETED_DEVICE_FAMILY = "1,2";
				TEST_HOST = "$(BUILT_PRODUCTS_DIR)/TestMaker.app/TestMaker";
			};
			name = Release;
		};
		047B3FD524BC801E009D53B1 /* Debug */ = {
			isa = XCBuildConfiguration;
			baseConfigurationReference = 22BB7C60C64E077BDD7772EC /* Pods-TestMaker-TestMakerUITests.debug.xcconfig */;
			buildSettings = {
				ALWAYS_EMBED_SWIFT_STANDARD_LIBRARIES = YES;
				CODE_SIGN_STYLE = Automatic;
				INFOPLIST_FILE = TestMakerUITests/Info.plist;
				LD_RUNPATH_SEARCH_PATHS = (
					"$(inherited)",
					"@executable_path/Frameworks",
					"@loader_path/Frameworks",
				);
				PRODUCT_BUNDLE_IDENTIFIER = com.Apples.TestMakerUITests;
				PRODUCT_NAME = "$(TARGET_NAME)";
				SWIFT_VERSION = 5.0;
				TARGETED_DEVICE_FAMILY = "1,2";
				TEST_TARGET_NAME = TestMaker;
			};
			name = Debug;
		};
		047B3FD624BC801E009D53B1 /* Release */ = {
			isa = XCBuildConfiguration;
			baseConfigurationReference = ECD840914CF4A4EE2FE74EF9 /* Pods-TestMaker-TestMakerUITests.release.xcconfig */;
			buildSettings = {
				ALWAYS_EMBED_SWIFT_STANDARD_LIBRARIES = YES;
				CODE_SIGN_STYLE = Automatic;
				INFOPLIST_FILE = TestMakerUITests/Info.plist;
				LD_RUNPATH_SEARCH_PATHS = (
					"$(inherited)",
					"@executable_path/Frameworks",
					"@loader_path/Frameworks",
				);
				PRODUCT_BUNDLE_IDENTIFIER = com.Apples.TestMakerUITests;
				PRODUCT_NAME = "$(TARGET_NAME)";
				SWIFT_VERSION = 5.0;
				TARGETED_DEVICE_FAMILY = "1,2";
				TEST_TARGET_NAME = TestMaker;
			};
			name = Release;
		};
/* End XCBuildConfiguration section */

/* Begin XCConfigurationList section */
		047B3F9C24BC801A009D53B1 /* Build configuration list for PBXProject "TestMaker" */ = {
			isa = XCConfigurationList;
			buildConfigurations = (
				047B3FCC24BC801E009D53B1 /* Debug */,
				047B3FCD24BC801E009D53B1 /* Release */,
			);
			defaultConfigurationIsVisible = 0;
			defaultConfigurationName = Release;
		};
		047B3FCE24BC801E009D53B1 /* Build configuration list for PBXNativeTarget "TestMaker" */ = {
			isa = XCConfigurationList;
			buildConfigurations = (
				047B3FCF24BC801E009D53B1 /* Debug */,
				047B3FD024BC801E009D53B1 /* Release */,
			);
			defaultConfigurationIsVisible = 0;
			defaultConfigurationName = Release;
		};
		047B3FD124BC801E009D53B1 /* Build configuration list for PBXNativeTarget "TestMakerTests" */ = {
			isa = XCConfigurationList;
			buildConfigurations = (
				047B3FD224BC801E009D53B1 /* Debug */,
				047B3FD324BC801E009D53B1 /* Release */,
			);
			defaultConfigurationIsVisible = 0;
			defaultConfigurationName = Release;
		};
		047B3FD424BC801E009D53B1 /* Build configuration list for PBXNativeTarget "TestMakerUITests" */ = {
			isa = XCConfigurationList;
			buildConfigurations = (
				047B3FD524BC801E009D53B1 /* Debug */,
				047B3FD624BC801E009D53B1 /* Release */,
			);
			defaultConfigurationIsVisible = 0;
			defaultConfigurationName = Release;
		};
/* End XCConfigurationList section */

/* Begin XCVersionGroup section */
		047B3FAD24BC801A009D53B1 /* TestMaker.xcdatamodeld */ = {
			isa = XCVersionGroup;
			children = (
				047B3FAE24BC801A009D53B1 /* TestMaker.xcdatamodel */,
			);
			currentVersion = 047B3FAE24BC801A009D53B1 /* TestMaker.xcdatamodel */;
			path = TestMaker.xcdatamodeld;
			sourceTree = "<group>";
			versionGroupType = wrapper.xcdatamodel;
		};
/* End XCVersionGroup section */
	};
	rootObject = 047B3F9924BC801A009D53B1 /* Project object */;
}
